// !$*UTF8*$!
{
	archiveVersion = 1;
	classes = {
	};
	objectVersion = 50;
	objects = {

/* Begin PBXBuildFile section */
		231E1DE12681B12600CF3D52 /* AppDelegate.swift in Sources */ = {isa = PBXBuildFile; fileRef = 231E1DE02681B12600CF3D52 /* AppDelegate.swift */; };
		231E1DE32681B12600CF3D52 /* SceneDelegate.swift in Sources */ = {isa = PBXBuildFile; fileRef = 231E1DE22681B12600CF3D52 /* SceneDelegate.swift */; };
		231E1DE52681B12600CF3D52 /* ViewController.swift in Sources */ = {isa = PBXBuildFile; fileRef = 231E1DE42681B12600CF3D52 /* ViewController.swift */; };
		231E1DEA2681B12900CF3D52 /* Assets.xcassets in Resources */ = {isa = PBXBuildFile; fileRef = 231E1DE92681B12900CF3D52 /* Assets.xcassets */; };
		231E1DED2681B12900CF3D52 /* LaunchScreen.storyboard in Resources */ = {isa = PBXBuildFile; fileRef = 231E1DEB2681B12900CF3D52 /* LaunchScreen.storyboard */; };
		235A8B452684561300F32B22 /* CustomViewPager.swift in Sources */ = {isa = PBXBuildFile; fileRef = 235A8B442684561300F32B22 /* CustomViewPager.swift */; };
/* End PBXBuildFile section */

/* Begin PBXFileReference section */
		231E1DDD2681B12600CF3D52 /* TabViewLayout.app */ = {isa = PBXFileReference; explicitFileType = wrapper.application; includeInIndex = 0; path = TabViewLayout.app; sourceTree = BUILT_PRODUCTS_DIR; };
		231E1DE02681B12600CF3D52 /* AppDelegate.swift */ = {isa = PBXFileReference; lastKnownFileType = sourcecode.swift; path = AppDelegate.swift; sourceTree = "<group>"; };
		231E1DE22681B12600CF3D52 /* SceneDelegate.swift */ = {isa = PBXFileReference; lastKnownFileType = sourcecode.swift; path = SceneDelegate.swift; sourceTree = "<group>"; };
		231E1DE42681B12600CF3D52 /* ViewController.swift */ = {isa = PBXFileReference; lastKnownFileType = sourcecode.swift; path = ViewController.swift; sourceTree = "<group>"; };
		231E1DE92681B12900CF3D52 /* Assets.xcassets */ = {isa = PBXFileReference; lastKnownFileType = folder.assetcatalog; path = Assets.xcassets; sourceTree = "<group>"; };
		231E1DEC2681B12900CF3D52 /* Base */ = {isa = PBXFileReference; lastKnownFileType = file.storyboard; name = Base; path = Base.lproj/LaunchScreen.storyboard; sourceTree = "<group>"; };
		231E1DEE2681B12900CF3D52 /* Info.plist */ = {isa = PBXFileReference; lastKnownFileType = text.plist.xml; path = Info.plist; sourceTree = "<group>"; };
		235A8B442684561300F32B22 /* CustomViewPager.swift */ = {isa = PBXFileReference; lastKnownFileType = sourcecode.swift; path = CustomViewPager.swift; sourceTree = "<group>"; };
/* End PBXFileReference section */

/* Begin PBXFrameworksBuildPhase section */
		231E1DDA2681B12600CF3D52 /* Frameworks */ = {
			isa = PBXFrameworksBuildPhase;
			buildActionMask = 2147483647;
			files = (
			);
			runOnlyForDeploymentPostprocessing = 0;
		};
/* End PBXFrameworksBuildPhase section */

/* Begin PBXGroup section */
		231E1DD42681B12600CF3D52 = {
			isa = PBXGroup;
			children = (
				231E1DDF2681B12600CF3D52 /* TabViewLayout */,
				231E1DDE2681B12600CF3D52 /* Products */,
			);
			sourceTree = "<group>";
		};
		231E1DDE2681B12600CF3D52 /* Products */ = {
			isa = PBXGroup;
			children = (
				231E1DDD2681B12600CF3D52 /* TabViewLayout.app */,
			);
			name = Products;
			sourceTree = "<group>";
		};
		231E1DDF2681B12600CF3D52 /* TabViewLayout */ = {
			isa = PBXGroup;
			children = (
				231E1DE02681B12600CF3D52 /* AppDelegate.swift */,
				231E1DE22681B12600CF3D52 /* SceneDelegate.swift */,
				231E1DE42681B12600CF3D52 /* ViewController.swift */,
				235A8B442684561300F32B22 /* CustomViewPager.swift */,
				231E1DE92681B12900CF3D52 /* Assets.xcassets */,
				231E1DEB2681B12900CF3D52 /* LaunchScreen.storyboard */,
				231E1DEE2681B12900CF3D52 /* Info.plist */,
			);
			path = TabViewLayout;
			sourceTree = "<group>";
		};
/* End PBXGroup section */

/* Begin PBXNativeTarget section */
		231E1DDC2681B12600CF3D52 /* TabViewLayout */ = {
			isa = PBXNativeTarget;
			buildConfigurationList = 231E1DF12681B12900CF3D52 /* Build configuration list for PBXNativeTarget "TabViewLayout" */;
			buildPhases = (
				231E1DD92681B12600CF3D52 /* Sources */,
				231E1DDA2681B12600CF3D52 /* Frameworks */,
				231E1DDB2681B12600CF3D52 /* Resources */,
			);
			buildRules = (
			);
			dependencies = (
			);
			name = TabViewLayout;
			productName = TabViewLayout;
			productReference = 231E1DDD2681B12600CF3D52 /* TabViewLayout.app */;
			productType = "com.apple.product-type.application";
		};
/* End PBXNativeTarget section */

/* Begin PBXProject section */
		231E1DD52681B12600CF3D52 /* Project object */ = {
			isa = PBXProject;
			attributes = {
				LastSwiftUpdateCheck = 1250;
				LastUpgradeCheck = 1250;
				TargetAttributes = {
					231E1DDC2681B12600CF3D52 = {
						CreatedOnToolsVersion = 12.5;
					};
				};
			};
			buildConfigurationList = 231E1DD82681B12600CF3D52 /* Build configuration list for PBXProject "TabViewLayout" */;
			compatibilityVersion = "Xcode 9.3";
			developmentRegion = en;
			hasScannedForEncodings = 0;
			knownRegions = (
				en,
				Base,
			);
			mainGroup = 231E1DD42681B12600CF3D52;
			productRefGroup = 231E1DDE2681B12600CF3D52 /* Products */;
			projectDirPath = "";
			projectRoot = "";
			targets = (
				231E1DDC2681B12600CF3D52 /* TabViewLayout */,
			);
		};
/* End PBXProject section */

/* Begin PBXResourcesBuildPhase section */
		231E1DDB2681B12600CF3D52 /* Resources */ = {
			isa = PBXResourcesBuildPhase;
			buildActionMask = 2147483647;
			files = (
				231E1DED2681B12900CF3D52 /* LaunchScreen.storyboard in Resources */,
				231E1DEA2681B12900CF3D52 /* Assets.xcassets in Resources */,
			);
			runOnlyForDeploymentPostprocessing = 0;
		};
/* End PBXResourcesBuildPhase section */

/* Begin PBXSourcesBuildPhase section */
		231E1DD92681B12600CF3D52 /* Sources */ = {
			isa = PBXSourcesBuildPhase;
			buildActionMask = 2147483647;
			files = (
				231E1DE52681B12600CF3D52 /* ViewController.swift in Sources */,
				235A8B452684561300F32B22 /* CustomViewPager.swift in Sources */,
				231E1DE12681B12600CF3D52 /* AppDelegate.swift in Sources */,
				231E1DE32681B12600CF3D52 /* SceneDelegate.swift in Sources */,
			);
			runOnlyForDeploymentPostprocessing = 0;
		};
/* End PBXSourcesBuildPhase section */

/* Begin PBXVariantGroup section */
		231E1DEB2681B12900CF3D52 /* LaunchScreen.storyboard */ = {
			isa = PBXVariantGroup;
			children = (
				231E1DEC2681B12900CF3D52 /* Base */,
			);
			name = LaunchScreen.storyboard;
			sourceTree = "<group>";
		};
/* End PBXVariantGroup section */

/* Begin XCBuildConfiguration section */
		231E1DEF2681B12900CF3D52 /* Debug */ = {
			isa = XCBuildConfiguration;
			buildSettings = {
				ALWAYS_SEARCH_USER_PATHS = NO;
				CLANG_ANALYZER_NONNULL = YES;
				CLANG_ANALYZER_NUMBER_OBJECT_CONVERSION = YES_AGGRESSIVE;
				CLANG_CXX_LANGUAGE_STANDARD = "gnu++14";
				CLANG_CXX_LIBRARY = "libc++";
				CLANG_ENABLE_MODULES = YES;
				CLANG_ENABLE_OBJC_ARC = YES;
				CLANG_ENABLE_OBJC_WEAK = YES;
				CLANG_WARN_BLOCK_CAPTURE_AUTORELEASING = YES;
				CLANG_WARN_BOOL_CONVERSION = YES;
				CLANG_WARN_COMMA = YES;
				CLANG_WARN_CONSTANT_CONVERSION = YES;
				CLANG_WARN_DEPRECATED_OBJC_IMPLEMENTATIONS = YES;
				CLANG_WARN_DIRECT_OBJC_ISA_USAGE = YES_ERROR;
				CLANG_WARN_DOCUMENTATION_COMMENTS = YES;
				CLANG_WARN_EMPTY_BODY = YES;
				CLANG_WARN_ENUM_CONVERSION = YES;
				CLANG_WARN_INFINITE_RECURSION = YES;
				CLANG_WARN_INT_CONVERSION = YES;
				CLANG_WARN_NON_LITERAL_NULL_CONVERSION = YES;
				CLANG_WARN_OBJC_IMPLICIT_RETAIN_SELF = YES;
				CLANG_WARN_OBJC_LITERAL_CONVERSION = YES;
				CLANG_WARN_OBJC_ROOT_CLASS = YES_ERROR;
				CLANG_WARN_QUOTED_INCLUDE_IN_FRAMEWORK_HEADER = YES;
				CLANG_WARN_RANGE_LOOP_ANALYSIS = YES;
				CLANG_WARN_STRICT_PROTOTYPES = YES;
				CLANG_WARN_SUSPICIOUS_MOVE = YES;
				CLANG_WARN_UNGUARDED_AVAILABILITY = YES_AGGRESSIVE;
				CLANG_WARN_UNREACHABLE_CODE = YES;
				CLANG_WARN__DUPLICATE_METHOD_MATCH = YES;
				COPY_PHASE_STRIP = NO;
				DEBUG_INFORMATION_FORMAT = dwarf;
				ENABLE_STRICT_OBJC_MSGSEND = YES;
				ENABLE_TESTABILITY = YES;
				GCC_C_LANGUAGE_STANDARD = gnu11;
				GCC_DYNAMIC_NO_PIC = NO;
				GCC_NO_COMMON_BLOCKS = YES;
				GCC_OPTIMIZATION_LEVEL = 0;
				GCC_PREPROCESSOR_DEFINITIONS = (
					"DEBUG=1",
					"$(inherited)",
				);
				GCC_WARN_64_TO_32_BIT_CONVERSION = YES;
				GCC_WARN_ABOUT_RETURN_TYPE = YES_ERROR;
				GCC_WARN_UNDECLARED_SELECTOR = YES;
				GCC_WARN_UNINITIALIZED_AUTOS = YES_AGGRESSIVE;
				GCC_WARN_UNUSED_FUNCTION = YES;
				GCC_WARN_UNUSED_VARIABLE = YES;
				IPHONEOS_DEPLOYMENT_TARGET = 14.5;
				MTL_ENABLE_DEBUG_INFO = INCLUDE_SOURCE;
				MTL_FAST_MATH = YES;
				ONLY_ACTIVE_ARCH = YES;
				SDKROOT = iphoneos;
				SWIFT_ACTIVE_COMPILATION_CONDITIONS = DEBUG;
				SWIFT_OPTIMIZATION_LEVEL = "-Onone";
			};
			name = Debug;
		};
		231E1DF02681B12900CF3D52 /* Release */ = {
			isa = XCBuildConfiguration;
			buildSettings = {
				ALWAYS_SEARCH_USER_PATHS = NO;
				CLANG_ANALYZER_NONNULL = YES;
				CLANG_ANALYZER_NUMBER_OBJECT_CONVERSION = YES_AGGRESSIVE;
				CLANG_CXX_LANGUAGE_STANDARD = "gnu++14";
				CLANG_CXX_LIBRARY = "libc++";
				CLANG_ENABLE_MODULES = YES;
				CLANG_ENABLE_OBJC_ARC = YES;
				CLANG_ENABLE_OBJC_WEAK = YES;
				CLANG_WARN_BLOCK_CAPTURE_AUTORELEASING = YES;
				CLANG_WARN_BOOL_CONVERSION = YES;
				CLANG_WARN_COMMA = YES;
				CLANG_WARN_CONSTANT_CONVERSION = YES;
				CLANG_WARN_DEPRECATED_OBJC_IMPLEMENTATIONS = YES;
				CLANG_WARN_DIRECT_OBJC_ISA_USAGE = YES_ERROR;
				CLANG_WARN_DOCUMENTATION_COMMENTS = YES;
				CLANG_WARN_EMPTY_BODY = YES;
				CLANG_WARN_ENUM_CONVERSION = YES;
				CLANG_WARN_INFINITE_RECURSION = YES;
				CLANG_WARN_INT_CONVERSION = YES;
				CLANG_WARN_NON_LITERAL_NULL_CONVERSION = YES;
				CLANG_WARN_OBJC_IMPLICIT_RETAIN_SELF = YES;
				CLANG_WARN_OBJC_LITERAL_CONVERSION = YES;
				CLANG_WARN_OBJC_ROOT_CLASS = YES_ERROR;
				CLANG_WARN_QUOTED_INCLUDE_IN_FRAMEWORK_HEADER = YES;
				CLANG_WARN_RANGE_LOOP_ANALYSIS = YES;
				CLANG_WARN_STRICT_PROTOTYPES = YES;
				CLANG_WARN_SUSPICIOUS_MOVE = YES;
				CLANG_WARN_UNGUARDED_AVAILABILITY = YES_AGGRESSIVE;
				CLANG_WARN_UNREACHABLE_CODE = YES;
				CLANG_WARN__DUPLICATE_METHOD_MATCH = YES;
				COPY_PHASE_STRIP = NO;
				DEBUG_INFORMATION_FORMAT = "dwarf-with-dsym";
				ENABLE_NS_ASSERTIONS = NO;
				ENABLE_STRICT_OBJC_MSGSEND = YES;
				GCC_C_LANGUAGE_STANDARD = gnu11;
				GCC_NO_COMMON_BLOCKS = YES;
				GCC_WARN_64_TO_32_BIT_CONVERSION = YES;
				GCC_WARN_ABOUT_RETURN_TYPE = YES_ERROR;
				GCC_WARN_UNDECLARED_SELECTOR = YES;
				GCC_WARN_UNINITIALIZED_AUTOS = YES_AGGRESSIVE;
				GCC_WARN_UNUSED_FUNCTION = YES;
				GCC_WARN_UNUSED_VARIABLE = YES;
				IPHONEOS_DEPLOYMENT_TARGET = 14.5;
				MTL_ENABLE_DEBUG_INFO = NO;
				MTL_FAST_MATH = YES;
				SDKROOT = iphoneos;
				SWIFT_COMPILATION_MODE = wholemodule;
				SWIFT_OPTIMIZATION_LEVEL = "-O";
				VALIDATE_PRODUCT = YES;
			};
			name = Release;
		};
		231E1DF22681B12900CF3D52 /* Debug */ = {
			isa = XCBuildConfiguration;
			buildSettings = {
				ASSETCATALOG_COMPILER_APPICON_NAME = AppIcon;
				ASSETCATALOG_COMPILER_GLOBAL_ACCENT_COLOR_NAME = AccentColor;
				CODE_SIGN_STYLE = Automatic;
				DEVELOPMENT_TEAM = S9J6B4A78J;
				INFOPLIST_FILE = TabViewLayout/Info.plist;
				LD_RUNPATH_SEARCH_PATHS = (
					"$(inherited)",
					"@executable_path/Frameworks",
				);
				PRODUCT_BUNDLE_IDENTIFIER = com.windy.TabViewLayout;
				PRODUCT_NAME = "$(TARGET_NAME)";
				SWIFT_VERSION = 5.0;
				TARGETED_DEVICE_FAMILY = "1,2";
			};
			name = Debug;
		};
		231E1DF32681B12900CF3D52 /* Release */ = {
			isa = XCBuildConfiguration;
			buildSettings = {
				ASSETCATALOG_COMPILER_APPICON_NAME = AppIcon;
				ASSETCATALOG_COMPILER_GLOBAL_ACCENT_COLOR_NAME = AccentColor;
				CODE_SIGN_STYLE = Automatic;
				DEVELOPMENT_TEAM = S9J6B4A78J;
				INFOPLIST_FILE = TabViewLayout/Info.plist;
				LD_RUNPATH_SEARCH_PATHS = (
					"$(inherited)",
					"@executable_path/Frameworks",
				);
				PRODUCT_BUNDLE_IDENTIFIER = com.windy.TabViewLayout;
				PRODUCT_NAME = "$(TARGET_NAME)";
				SWIFT_VERSION = 5.0;
				TARGETED_DEVICE_FAMILY = "1,2";
			};
			name = Release;
		};
/* End XCBuildConfiguration section */

/* Begin XCConfigurationList section */
		231E1DD82681B12600CF3D52 /* Build configuration list for PBXProject "TabViewLayout" */ = {
			isa = XCConfigurationList;
			buildConfigurations = (
				231E1DEF2681B12900CF3D52 /* Debug */,
				231E1DF02681B12900CF3D52 /* Release */,
			);
			defaultConfigurationIsVisible = 0;
			defaultConfigurationName = Release;
		};
		231E1DF12681B12900CF3D52 /* Build configuration list for PBXNativeTarget "TabViewLayout" */ = {
			isa = XCConfigurationList;
			buildConfigurations = (
				231E1DF22681B12900CF3D52 /* Debug */,
				231E1DF32681B12900CF3D52 /* Release */,
			);
			defaultConfigurationIsVisible = 0;
			defaultConfigurationName = Release;
		};
/* End XCConfigurationList section */
	};
	rootObject = 231E1DD52681B12600CF3D52 /* Project object */;
}
